
Microsoft Visual Studio Solution File, Format Version 12.00
# Visual Studio Version 17
VisualStudioVersion = 17.14.37411.7 d17.14
MinimumVisualStudioVersion = 10.0.40219.1
Project("{FAE04EC0-301F-11D3-BF4B-00C04F79EFBC}") = "EmployeeService", "EmployeeService\EmployeeService.csproj", "{9CD01D65-D955-40CB-898C-0E87C1F30DDF}"
EndProject
Project("{FAE04EC0-301F-11D3-BF4B-00C04F79EFBC}") = "LeaveService", "LeaveService\LeaveService.csproj", "{80DF696A-6A59-4459-B5CC-AACB10226AC7}"
EndProject
Global
	GlobalSection(SolutionConfigurationPlatforms) = preSolution
		Debug|Any CPU = Debug|Any CPU
		Release|Any CPU = Release|Any CPU
	EndGlobalSection
	GlobalSection(ProjectConfigurationPlatforms) = postSolution
		{9CD01D65-D955-40CB-898C-0E87C1F30DDF}.Debug|Any CPU.ActiveCfg = Debug|Any CPU
		{9CD01D65-D955-40CB-898C-0E87C1F30DDF}.Debug|Any CPU.Build.0 = Debug|Any CPU
		{9CD01D65-D955-40CB-898C-0E87C1F30DDF}.Release|Any CPU.ActiveCfg = Release|Any CPU
		{9CD01D65-D955-40CB-898C-0E87C1F30DDF}.Release|Any CPU.Build.0 = Release|Any CPU
		{80DF696A-6A59-4459-B5CC-AACB10226AC7}.Debug|Any CPU.ActiveCfg = Debug|Any CPU
		{80DF696A-6A59-4459-B5CC-AACB10226AC7}.Debug|Any CPU.Build.0 = Debug|Any CPU
		{80DF696A-6A59-4459-B5CC-AACB10226AC7}.Release|Any CPU.ActiveCfg = Release|Any CPU
		{80DF696A-6A59-4459-B5CC-AACB10226AC7}.Release|Any CPU.Build.0 = Release|Any CPU
	EndGlobalSection
	GlobalSection(SolutionProperties) = preSolution
		HideSolutionNode = FALSE
	EndGlobalSection
	GlobalSection(ExtensibilityGlobals) = postSolution
		SolutionGuid = {F70EAA7D-E254-443E-9F27-823036A7F29A}
	EndGlobalSection
EndGlobal
